using System;

namespace CalculatorConsolApp
{
    class program
    {
        static void Main(string[] args)
        {
            Console.Title = "Aplikasi Calculator";

            Console.WriteLine("pilih menu calculator :");
            Console.WriteLine();
            Console.WriteLine("1, penambahan");
            Console.WriteLine("2, pengurangan");
            Console.WriteLine("3, perkalian");
            Console.WriteLine("4, pembagian");

            Console.Write("Input nomer menu [1..4]: ");
            string pilihan = Console.ReadLine().ToLower();

            Console.WriteLine();

            Console.Write("Input nilai a = ");
            int a = int.Parse(Console.ReadLine());
            Console.Write("Input nilai b = ");
            int b = int.Parse(Console.ReadLine());

            Console.WriteLine();


            switch (pilihan)
            {
                case "1":
                    Console.WriteLine("Hasil penambahan " + a + " + " + b + " = " + penambahan(a, b));
                    break;
                case "2":
                    Console.WriteLine("Hasil pengurangan {0} - {1} = {2} ", a, b, pengurangan(a, b));
                    break;
                case "3":
                    Console.WriteLine("Hasil perkalian {0} * {1} = {2}", a, b, perkalian(a, b));
                    break;
                case "4":
                    Console.WriteLine("Hasil pembagian {0} / {1} = {2}", a, b, pembagian(a, b));
                    break;
                default:
                    Console.WriteLine("maaf, menu yang anda pilih tidak tersedia");
                    break;
            }
            Console.WriteLine("\nTekan sembarang key untuk keluar");
            Console.ReadLine();
        }
        static int penambahan(int a, int b)
        {
            return a + b;
        }

        static int pengurangan(int a, int b)
        {
            return a - b;
        }

        static int perkalian(int a, int b)
        {
            return a * b;
        }

        static int pembagian(int a, int b)
        {
            return a / b;
        }
    }
}
